<?xml version="1.0" encoding="utf-8"?>
<Project ToolsVersion="4.0" xmlns="http://schemas.microsoft.com/developer/msbuild/2003">
  <ItemGroup>
    <ClInclude Include="ServerPingPlugin.h">
      <Filter>Headers</Filter>
    </ClInclude>
    <ClInclude Include="Localization.h">
      <Filter>Headers</Filter>
    </ClInclude>
    <ClInclude Include="ServerPingSettings.h">
      <Filter>Headers</Filter>
    </ClInclude>
    <ClInclude Include="resource.h">
      <Filter>Headers</Filter>
    </ClInclude>
    <ClInclude Include="Pinger.h">
      <Filter>Headers</Filter>
    </ClInclude>
  </ItemGroup>
  <ItemGroup>
    <Filter Include="Headers">
      <UniqueIdentifier>{b1930a56-b818-4a5a-b5ac-0a9f7fb2b0d0}</UniqueIdentifier>
    </Filter>
    <Filter Include="Source">
      <UniqueIdentifier>{80cf7268-eaee-4f5e-a59e-c4b6d44025fc}</UniqueIdentifier>
    </Filter>
    <Filter Include="Resource Files">
      <UniqueIdentifier>{91bf88f1-d3fe-4187-85c2-f407e1331aee}</UniqueIdentifier>
    </Filter>
  </ItemGroup>
  <ItemGroup>
    <ClCompile Include="ServerPingPlugin.cpp">
      <Filter>Source</Filter>
    </ClCompile>
    <ClCompile Include="ServerPingSettings.cpp">
      <Filter>Source</Filter>
    </ClCompile>
    <ClCompile Include="Pinger.cpp">
      <Filter>Source</Filter>
    </ClCompile>
  </ItemGroup>
  <ItemGroup>
    <ResourceCompile Include="ServerPingPlugin.rc">
      <Filter>Resource Files</Filter>
    </ResourceCompile>
  </ItemGroup>
</Project>